// !$*UTF8*$!
{
	archiveVersion = 1;
	classes = {
	};
	objectVersion = 46;
	objects = {

/* Begin PBXBuildFile section */
		CC9AA9F81CFD843800344D2B /* main.m in Sources */ = {isa = PBXBuildFile; fileRef = CC9AA9F71CFD843800344D2B /* main.m */; };
		CC9AA9FB1CFD843800344D2B /* AppDelegate.m in Sources */ = {isa = PBXBuildFile; fileRef = CC9AA9FA1CFD843800344D2B /* AppDelegate.m */; };
		CC9AA9FE1CFD843800344D2B /* ViewController.m in Sources */ = {isa = PBXBuildFile; fileRef = CC9AA9FD1CFD843800344D2B /* ViewController.m */; };
		CC9AAA011CFD843800344D2B /* Main.storyboard in Resources */ = {isa = PBXBuildFile; fileRef = CC9AA9FF1CFD843800344D2B /* Main.storyboard */; };
		CC9AAA031CFD843800344D2B /* Assets.xcassets in Resources */ = {isa = PBXBuildFile; fileRef = CC9AAA021CFD843800344D2B /* Assets.xcassets */; };
		CC9AAA061CFD843800344D2B /* LaunchScreen.storyboard in Resources */ = {isa = PBXBuildFile; fileRef = CC9AAA041CFD843800344D2B /* LaunchScreen.storyboard */; };
		CC9AAA101CFD848700344D2B /* CyanSquare.png in Resources */ = {isa = PBXBuildFile; fileRef = CC9AAA0D1CFD848700344D2B /* CyanSquare.png */; };
		CC9AAA111CFD848700344D2B /* MagentaSquare.png in Resources */ = {isa = PBXBuildFile; fileRef = CC9AAA0E1CFD848700344D2B /* MagentaSquare.png */; };
		CC9AAA121CFD848700344D2B /* YellowSquare.png in Resources */ = {isa = PBXBuildFile; fileRef = CC9AAA0F1CFD848700344D2B /* YellowSquare.png */; };
/* End PBXBuildFile section */

/* Begin PBXFileReference section */
		CC9AA9F31CFD843800344D2B /* 03-触摸练习.app */ = {isa = PBXFileReference; explicitFileType = wrapper.application; includeInIndex = 0; path = "03-触摸练习.app"; sourceTree = BUILT_PRODUCTS_DIR; };
		CC9AA9F71CFD843800344D2B /* main.m */ = {isa = PBXFileReference; lastKnownFileType = sourcecode.c.objc; path = main.m; sourceTree = "<group>"; };
		CC9AA9F91CFD843800344D2B /* AppDelegate.h */ = {isa = PBXFileReference; lastKnownFileType = sourcecode.c.h; path = AppDelegate.h; sourceTree = "<group>"; };
		CC9AA9FA1CFD843800344D2B /* AppDelegate.m */ = {isa = PBXFileReference; lastKnownFileType = sourcecode.c.objc; path = AppDelegate.m; sourceTree = "<group>"; };
		CC9AA9FC1CFD843800344D2B /* ViewController.h */ = {isa = PBXFileReference; lastKnownFileType = sourcecode.c.h; path = ViewController.h; sourceTree = "<group>"; };
		CC9AA9FD1CFD843800344D2B /* ViewController.m */ = {isa = PBXFileReference; lastKnownFileType = sourcecode.c.objc; path = ViewController.m; sourceTree = "<group>"; };
		CC9AAA001CFD843800344D2B /* Base */ = {isa = PBXFileReference; lastKnownFileType = file.storyboard; name = Base; path = Base.lproj/Main.storyboard; sourceTree = "<group>"; };
		CC9AAA021CFD843800344D2B /* Assets.xcassets */ = {isa = PBXFileReference; lastKnownFileType = folder.assetcatalog; path = Assets.xcassets; sourceTree = "<group>"; };
		CC9AAA051CFD843800344D2B /* Base */ = {isa = PBXFileReference; lastKnownFileType = file.storyboard; name = Base; path = Base.lproj/LaunchScreen.storyboard; sourceTree = "<group>"; };
		CC9AAA071CFD843800344D2B /* Info.plist */ = {isa = PBXFileReference; lastKnownFileType = text.plist.xml; path = Info.plist; sourceTree = "<group>"; };
		CC9AAA0D1CFD848700344D2B /* CyanSquare.png */ = {isa = PBXFileReference; lastKnownFileType = image.png; path = CyanSquare.png; sourceTree = "<group>"; };
		CC9AAA0E1CFD848700344D2B /* MagentaSquare.png */ = {isa = PBXFileReference; lastKnownFileType = image.png; path = MagentaSquare.png; sourceTree = "<group>"; };
		CC9AAA0F1CFD848700344D2B /* YellowSquare.png */ = {isa = PBXFileReference; lastKnownFileType = image.png; path = YellowSquare.png; sourceTree = "<group>"; };
/* End PBXFileReference section */

/* Begin PBXFrameworksBuildPhase section */
		CC9AA9F01CFD843800344D2B /* Frameworks */ = {
			isa = PBXFrameworksBuildPhase;
			buildActionMask = 2147483647;
			files = (
			);
			runOnlyForDeploymentPostprocessing = 0;
		};
/* End PBXFrameworksBuildPhase section */

/* Begin PBXGroup section */
		CC9AA9EA1CFD843700344D2B = {
			isa = PBXGroup;
			children = (
				CC9AA9F51CFD843800344D2B /* 03-触摸练习 */,
				CC9AA9F41CFD843800344D2B /* Products */,
			);
			sourceTree = "<group>";
		};
		CC9AA9F41CFD843800344D2B /* Products */ = {
			isa = PBXGroup;
			children = (
				CC9AA9F31CFD843800344D2B /* 03-触摸练习.app */,
			);
			name = Products;
			sourceTree = "<group>";
		};
		CC9AA9F51CFD843800344D2B /* 03-触摸练习 */ = {
			isa = PBXGroup;
			children = (
				CC9AAA0D1CFD848700344D2B /* CyanSquare.png */,
				CC9AAA0E1CFD848700344D2B /* MagentaSquare.png */,
				CC9AAA0F1CFD848700344D2B /* YellowSquare.png */,
				CC9AA9F91CFD843800344D2B /* AppDelegate.h */,
				CC9AA9FA1CFD843800344D2B /* AppDelegate.m */,
				CC9AA9FC1CFD843800344D2B /* ViewController.h */,
				CC9AA9FD1CFD843800344D2B /* ViewController.m */,
				CC9AA9FF1CFD843800344D2B /* Main.storyboard */,
				CC9AAA021CFD843800344D2B /* Assets.xcassets */,
				CC9AAA041CFD843800344D2B /* LaunchScreen.storyboard */,
				CC9AAA071CFD843800344D2B /* Info.plist */,
				CC9AA9F61CFD843800344D2B /* Supporting Files */,
			);
			path = "03-触摸练习";
			sourceTree = "<group>";
		};
		CC9AA9F61CFD843800344D2B /* Supporting Files */ = {
			isa = PBXGroup;
			children = (
				CC9AA9F71CFD843800344D2B /* main.m */,
			);
			name = "Supporting Files";
			sourceTree = "<group>";
		};
/* End PBXGroup section */

/* Begin PBXNativeTarget section */
		CC9AA9F21CFD843800344D2B /* 03-触摸练习 */ = {
			isa = PBXNativeTarget;
			buildConfigurationList = CC9AAA0A1CFD843800344D2B /* Build configuration list for PBXNativeTarget "03-触摸练习" */;
			buildPhases = (
				CC9AA9EF1CFD843800344D2B /* Sources */,
				CC9AA9F01CFD843800344D2B /* Frameworks */,
				CC9AA9F11CFD843800344D2B /* Resources */,
			);
			buildRules = (
			);
			dependencies = (
			);
			name = "03-触摸练习";
			productName = "03-触摸练习";
			productReference = CC9AA9F31CFD843800344D2B /* 03-触摸练习.app */;
			productType = "com.apple.product-type.application";
		};
/* End PBXNativeTarget section */

/* Begin PBXProject section */
		CC9AA9EB1CFD843700344D2B /* Project object */ = {
			isa = PBXProject;
			attributes = {
				LastUpgradeCheck = 0710;
				ORGANIZATIONNAME = QingYun;
				TargetAttributes = {
					CC9AA9F21CFD843800344D2B = {
						CreatedOnToolsVersion = 7.1.1;
						DevelopmentTeam = GGG24ADHBE;
					};
				};
			};
			buildConfigurationList = CC9AA9EE1CFD843700344D2B /* Build configuration list for PBXProject "03-触摸练习" */;
			compatibilityVersion = "Xcode 3.2";
			developmentRegion = English;
			hasScannedForEncodings = 0;
			knownRegions = (
				en,
				Base,
			);
			mainGroup = CC9AA9EA1CFD843700344D2B;
			productRefGroup = CC9AA9F41CFD843800344D2B /* Products */;
			projectDirPath = "";
			projectRoot = "";
			targets = (
				CC9AA9F21CFD843800344D2B /* 03-触摸练习 */,
			);
		};
/* End PBXProject section */

/* Begin PBXResourcesBuildPhase section */
		CC9AA9F11CFD843800344D2B /* Resources */ = {
			isa = PBXResourcesBuildPhase;
			buildActionMask = 2147483647;
			files = (
				CC9AAA061CFD843800344D2B /* LaunchScreen.storyboard in Resources */,
				CC9AAA101CFD848700344D2B /* CyanSquare.png in Resources */,
				CC9AAA031CFD843800344D2B /* Assets.xcassets in Resources */,
				CC9AAA011CFD843800344D2B /* Main.storyboard in Resources */,
				CC9AAA121CFD848700344D2B /* YellowSquare.png in Resources */,
				CC9AAA111CFD848700344D2B /* MagentaSquare.png in Resources */,
			);
			runOnlyForDeploymentPostprocessing = 0;
		};
/* End PBXResourcesBuildPhase section */

/* Begin PBXSourcesBuildPhase section */
		CC9AA9EF1CFD843800344D2B /* Sources */ = {
			isa = PBXSourcesBuildPhase;
			buildActionMask = 2147483647;
			files = (
				CC9AA9FE1CFD843800344D2B /* ViewController.m in Sources */,
				CC9AA9FB1CFD843800344D2B /* AppDelegate.m in Sources */,
				CC9AA9F81CFD843800344D2B /* main.m in Sources */,
			);
			runOnlyForDeploymentPostprocessing = 0;
		};
/* End PBXSourcesBuildPhase section */

/* Begin PBXVariantGroup section */
		CC9AA9FF1CFD843800344D2B /* Main.storyboard */ = {
			isa = PBXVariantGroup;
			children = (
				CC9AAA001CFD843800344D2B /* Base */,
			);
			name = Main.storyboard;
			sourceTree = "<group>";
		};
		CC9AAA041CFD843800344D2B /* LaunchScreen.storyboard */ = {
			isa = PBXVariantGroup;
			children = (
				CC9AAA051CFD843800344D2B /* Base */,
			);
			name = LaunchScreen.storyboard;
			sourceTree = "<group>";
		};
/* End PBXVariantGroup section */

/* Begin XCBuildConfiguration section */
		CC9AAA081CFD843800344D2B /* Debug */ = {
			isa = XCBuildConfiguration;
			buildSettings = {
				ALWAYS_SEARCH_USER_PATHS = NO;
				CLANG_CXX_LANGUAGE_STANDARD = "gnu++0x";
				CLANG_CXX_LIBRARY = "libc++";
				CLANG_ENABLE_MODULES = YES;
				CLANG_ENABLE_OBJC_ARC = YES;
				CLANG_WARN_BOOL_CONVERSION = YES;
				CLANG_WARN_CONSTANT_CONVERSION = YES;
				CLANG_WARN_DIRECT_OBJC_ISA_USAGE = YES_ERROR;
				CLANG_WARN_EMPTY_BODY = YES;
				CLANG_WARN_ENUM_CONVERSION = YES;
				CLANG_WARN_INT_CONVERSION = YES;
				CLANG_WARN_OBJC_ROOT_CLASS = YES_ERROR;
				CLANG_WARN_UNREACHABLE_CODE = YES;
				CLANG_WARN__DUPLICATE_METHOD_MATCH = YES;
				"CODE_SIGN_IDENTITY[sdk=iphoneos*]" = "iPhone Developer";
				COPY_PHASE_STRIP = NO;
				DEBUG_INFORMATION_FORMAT = dwarf;
				ENABLE_STRICT_OBJC_MSGSEND = YES;
				ENABLE_TESTABILITY = YES;
				GCC_C_LANGUAGE_STANDARD = gnu99;
				GCC_DYNAMIC_NO_PIC = NO;
				GCC_NO_COMMON_BLOCKS = YES;
				GCC_OPTIMIZATION_LEVEL = 0;
				GCC_PREPROCESSOR_DEFINITIONS = (
					"DEBUG=1",
					"$(inherited)",
				);
				GCC_WARN_64_TO_32_BIT_CONVERSION = YES;
				GCC_WARN_ABOUT_RETURN_TYPE = YES_ERROR;
				GCC_WARN_UNDECLARED_SELECTOR = YES;
				GCC_WARN_UNINITIALIZED_AUTOS = YES_AGGRESSIVE;
				GCC_WARN_UNUSED_FUNCTION = YES;
				GCC_WARN_UNUSED_VARIABLE = YES;
				IPHONEOS_DEPLOYMENT_TARGET = 9.1;
				MTL_ENABLE_DEBUG_INFO = YES;
				ONLY_ACTIVE_ARCH = YES;
				SDKROOT = iphoneos;
			};
			name = Debug;
		};
		CC9AAA091CFD843800344D2B /* Release */ = {
			isa = XCBuildConfiguration;
			buildSettings = {
				ALWAYS_SEARCH_USER_PATHS = NO;
				CLANG_CXX_LANGUAGE_STANDARD = "gnu++0x";
				CLANG_CXX_LIBRARY = "libc++";
				CLANG_ENABLE_MODULES = YES;
				CLANG_ENABLE_OBJC_ARC = YES;
				CLANG_WARN_BOOL_CONVERSION = YES;
				CLANG_WARN_CONSTANT_CONVERSION = YES;
				CLANG_WARN_DIRECT_OBJC_ISA_USAGE = YES_ERROR;
				CLANG_WARN_EMPTY_BODY = YES;
				CLANG_WARN_ENUM_CONVERSION = YES;
				CLANG_WARN_INT_CONVERSION = YES;
				CLANG_WARN_OBJC_ROOT_CLASS = YES_ERROR;
				CLANG_WARN_UNREACHABLE_CODE = YES;
				CLANG_WARN__DUPLICATE_METHOD_MATCH = YES;
				"CODE_SIGN_IDENTITY[sdk=iphoneos*]" = "iPhone Developer";
				COPY_PHASE_STRIP = NO;
				DEBUG_INFORMATION_FORMAT = "dwarf-with-dsym";
				ENABLE_NS_ASSERTIONS = NO;
				ENABLE_STRICT_OBJC_MSGSEND = YES;
				GCC_C_LANGUAGE_STANDARD = gnu99;
				GCC_NO_COMMON_BLOCKS = YES;
				GCC_WARN_64_TO_32_BIT_CONVERSION = YES;
				GCC_WARN_ABOUT_RETURN_TYPE = YES_ERROR;
				GCC_WARN_UNDECLARED_SELECTOR = YES;
				GCC_WARN_UNINITIALIZED_AUTOS = YES_AGGRESSIVE;
				GCC_WARN_UNUSED_FUNCTION = YES;
				GCC_WARN_UNUSED_VARIABLE = YES;
				IPHONEOS_DEPLOYMENT_TARGET = 9.1;
				MTL_ENABLE_DEBUG_INFO = NO;
				SDKROOT = iphoneos;
				VALIDATE_PRODUCT = YES;
			};
			name = Release;
		};
		CC9AAA0B1CFD843800344D2B /* Debug */ = {
			isa = XCBuildConfiguration;
			buildSettings = {
				ASSETCATALOG_COMPILER_APPICON_NAME = AppIcon;
				INFOPLIST_FILE = "03-触摸练习/Info.plist";
				LD_RUNPATH_SEARCH_PATHS = "$(inherited) @executable_path/Frameworks";
				PRODUCT_BUNDLE_IDENTIFIER = "com.Qingyun.-3-----";
				PRODUCT_NAME = "$(TARGET_NAME)";
			};
			name = Debug;
		};
		CC9AAA0C1CFD843800344D2B /* Release */ = {
			isa = XCBuildConfiguration;
			buildSettings = {
				ASSETCATALOG_COMPILER_APPICON_NAME = AppIcon;
				INFOPLIST_FILE = "03-触摸练习/Info.plist";
				LD_RUNPATH_SEARCH_PATHS = "$(inherited) @executable_path/Frameworks";
				PRODUCT_BUNDLE_IDENTIFIER = "com.Qingyun.-3-----";
				PRODUCT_NAME = "$(TARGET_NAME)";
			};
			name = Release;
		};
/* End XCBuildConfiguration section */

/* Begin XCConfigurationList section */
		CC9AA9EE1CFD843700344D2B /* Build configuration list for PBXProject "03-触摸练习" */ = {
			isa = XCConfigurationList;
			buildConfigurations = (
				CC9AAA081CFD843800344D2B /* Debug */,
				CC9AAA091CFD843800344D2B /* Release */,
			);
			defaultConfigurationIsVisible = 0;
			defaultConfigurationName = Release;
		};
		CC9AAA0A1CFD843800344D2B /* Build configuration list for PBXNativeTarget "03-触摸练习" */ = {
			isa = XCConfigurationList;
			buildConfigurations = (
				CC9AAA0B1CFD843800344D2B /* Debug */,
				CC9AAA0C1CFD843800344D2B /* Release */,
			);
			defaultConfigurationIsVisible = 0;
		};
/* End XCConfigurationList section */
	};
	rootObject = CC9AA9EB1CFD843700344D2B /* Project object */;
}
